
Microsoft Visual Studio Solution File, Format Version 11.00
# Visual Studio 2010
Project("{8BC9CEB8-8B4A-11D0-8D11-00A0C91BC942}") = "autoExpr", "autoExpr\autoExpr.vcxproj", "{17AF487C-770B-4750-925B-7E9364A07C49}"
EndProject
Global
	GlobalSection(SolutionConfigurationPlatforms) = preSolution
		Debug|Win32 = Debug|Win32
		Release|Win32 = Release|Win32
	EndGlobalSection
	GlobalSection(ProjectConfigurationPlatforms) = postSolution
		{17AF487C-770B-4750-925B-7E9364A07C49}.Debug|Win32.ActiveCfg = Debug|Win32
		{17AF487C-770B-4750-925B-7E9364A07C49}.Debug|Win32.Build.0 = Debug|Win32
		{17AF487C-770B-4750-925B-7E9364A07C49}.Release|Win32.ActiveCfg = Release|Win32
		{17AF487C-770B-4750-925B-7E9364A07C49}.Release|Win32.Build.0 = Release|Win32
	EndGlobalSection
	GlobalSection(SolutionProperties) = preSolution
		HideSolutionNode = FALSE
	EndGlobalSection
EndGlobal
